{
  "name": "easy-mock-ui",
  "version": "0.0.0",
  "lockfileVersion": 1,
  "requires": true,
  "dependencies": {
    "@antfu/utils": {
      "version": "0.4.0",
      "resolved": "https://r2.cnpmjs.org/@antfu/utils/-/utils-0.4.0.tgz",
      "integrity": "sha512-gqkpvjkgFUu+s3kP+Ly33OKpo5zvVY3FDFhv5BIb98SncS3KD6DNxPfNDjwHIoyXbz1leWo1j8DtRLZ1D2Jv+Q==",
      "dev": true,
      "requires": {
        "@types/throttle-debounce": "^2.1.0"
      }
    },
    "@fortawesome/fontawesome-common-types": {
      "version": "0.3.0",
      "resolved": "https://r.cnpmjs.org/@fortawesome/fontawesome-common-types/-/fontawesome-common-types-0.3.0.tgz",
      "integrity": "sha512-CA3MAZBTxVsF6SkfkHXDerkhcQs0QPofy43eFdbWJJkZiq3SfiaH1msOkac59rQaqto5EqWnASboY1dBuKen5w=="
    },
    "@fortawesome/free-regular-svg-icons": {
      "version": "6.0.0",
      "resolved": "https://r.cnpmjs.org/@fortawesome/free-regular-svg-icons/-/free-regular-svg-icons-6.0.0.tgz",
      "integrity": "sha512-lYK6oyQL8HwZUAVWGqF7TGuwQBVfphNBVTdvPSD3h4gmQfGazm/xcwg3kmtcRycu3y6QspOC7hPXSoJbVqSYCw==",
      "requires": {
        "@fortawesome/fontawesome-common-types": "^0.3.0"
      }
    },
    "@fortawesome/free-solid-svg-icons": {
      "version": "6.0.0",
      "resolved": "https://r.cnpmjs.org/@fortawesome/free-solid-svg-icons/-/free-solid-svg-icons-6.0.0.tgz",
      "integrity": "sha512-o4FZ1XbndcgeWNb8Wh0y+Hgf73CjmyOQowUSaqQCtgIIdS+XliSBSOwCl330wER+I6CGYE96hT27bHBPmzX2Gg==",
      "requires": {
        "@fortawesome/fontawesome-common-types": "^0.3.0"
      }
    },
    "@nodelib/fs.scandir": {
      "version": "2.1.5",
      "resolved": "https://r2.cnpmjs.org/@nodelib/fs.scandir/-/fs.scandir-2.1.5.tgz",
      "integrity": "sha512-vq24Bq3ym5HEQm2NKCr3yXDwjc7vTsEThRDnkp2DK9p1uqLR+DHurm/NOTo0KG7HYHU7eppKZj3MyqYuMBf62g==",
      "dev": true,
      "requires": {
        "@nodelib/fs.stat": "2.0.5",
        "run-parallel": "^1.1.9"
      }
    },
    "@nodelib/fs.stat": {
      "version": "2.0.5",
      "resolved": "https://r2.cnpmjs.org/@nodelib/fs.stat/-/fs.stat-2.0.5.tgz",
      "integrity": "sha512-RkhPPp2zrqDAQA/2jNhnztcPAlv64XdhIp7a7454A5ovI7Bukxgt7MX7udwAu3zg1DcpPU0rz3VV1SeaqvY4+A==",
      "dev": true
    },
    "@nodelib/fs.walk": {
      "version": "1.2.8",
      "resolved": "https://r2.cnpmjs.org/@nodelib/fs.walk/-/fs.walk-1.2.8.tgz",
      "integrity": "sha512-oGB+UxlgWcgQkgwo8GcEGwemoTFt3FIO9ababBmaGwXIoBKZ+GTy0pP185beGg7Llih/NSHSV2XAs1lnznocSg==",
      "dev": true,
      "requires": {
        "@nodelib/fs.scandir": "2.1.5",
        "fastq": "^1.6.0"
      }
    },
    "@rollup/pluginutils": {
      "version": "4.1.2",
      "resolved": "https://r2.cnpmjs.org/@rollup/pluginutils/-/pluginutils-4.1.2.tgz",
      "integrity": "sha512-ROn4qvkxP9SyPeHaf7uQC/GPFY6L/OWy9+bd9AwcjOAWQwxRscoEyAUD8qCY5o5iL4jqQwoLk2kaTKJPb/HwzQ==",
      "dev": true,
      "requires": {
        "estree-walker": "^2.0.1",
        "picomatch": "^2.2.2"
      }
    },
    "@sphinxxxx/color-conversion": {
      "version": "2.2.2",
      "resolved": "https://r2.cnpmjs.org/@sphinxxxx/color-conversion/-/color-conversion-2.2.2.tgz",
      "integrity": "sha512-XExJS3cLqgrmNBIP3bBw6+1oQ1ksGjFh0+oClDKFYpCCqx/hlqwWO5KO/S63fzUo67SxI9dMrF0y5T/Ey7h8Zw=="
    },
    "@sveltejs/vite-plugin-svelte": {
      "version": "1.0.0-next.37",
      "resolved": "https://r.cnpmjs.org/@sveltejs/vite-plugin-svelte/-/vite-plugin-svelte-1.0.0-next.37.tgz",
      "integrity": "sha512-EdSXw2rXeOahNrQfMJVZxa/NxZxW1a0TiBI3s+pVxnxU14hEQtnkLtdbTFhnceu22gJpNPFSIJRcIwRBBDQIeA==",
      "dev": true,
      "requires": {
        "@rollup/pluginutils": "^4.1.2",
        "debug": "^4.3.3",
        "kleur": "^4.1.4",
        "magic-string": "^0.25.7",
        "svelte-hmr": "^0.14.9"
      }
    },
    "@tsconfig/svelte": {
      "version": "2.0.1",
      "resolved": "https://r2.cnpmjs.org/@tsconfig/svelte/-/svelte-2.0.1.tgz",
      "integrity": "sha512-aqkICXbM1oX5FfgZd2qSSAGdyo/NRxjWCamxoyi3T8iVQnzGge19HhDYzZ6NrVOW7bhcWNSq9XexWFtMzbB24A==",
      "dev": true
    },
    "@types/node": {
      "version": "17.0.18",
      "resolved": "https://r.cnpmjs.org/@types/node/-/node-17.0.18.tgz",
      "integrity": "sha512-eKj4f/BsN/qcculZiRSujogjvp5O/k4lOW5m35NopjZM/QwLOR075a8pJW5hD+Rtdm2DaCVPENS6KtSQnUD6BA==",
      "dev": true
    },
    "@types/pug": {
      "version": "2.0.6",
      "resolved": "https://r2.cnpmjs.org/@types/pug/-/pug-2.0.6.tgz",
      "integrity": "sha512-SnHmG9wN1UVmagJOnyo/qkk0Z7gejYxOYYmaAwr5u2yFYfsupN3sg10kyzN8Hep/2zbHxCnsumxOoRIRMBwKCg==",
      "dev": true
    },
    "@types/sass": {
      "version": "1.43.1",
      "resolved": "https://r2.cnpmjs.org/@types/sass/-/sass-1.43.1.tgz",
      "integrity": "sha512-BPdoIt1lfJ6B7rw35ncdwBZrAssjcwzI5LByIrYs+tpXlj/CAkuVdRsgZDdP4lq5EjyWzwxZCqAoFyHKFwp32g==",
      "dev": true,
      "requires": {
        "@types/node": "*"
      }
    },
    "@types/throttle-debounce": {
      "version": "2.1.0",
      "resolved": "https://r2.cnpmjs.org/@types/throttle-debounce/-/throttle-debounce-2.1.0.tgz",
      "integrity": "sha512-5eQEtSCoESnh2FsiLTxE121IiE60hnMqcb435fShf4bpLRjEu1Eoekht23y6zXS9Ts3l+Szu3TARnTsA0GkOkQ==",
      "dev": true
    },
    "@windicss/config": {
      "version": "1.7.1",
      "resolved": "https://r.cnpmjs.org/@windicss/config/-/config-1.7.1.tgz",
      "integrity": "sha512-bT4Ze8d1kTKbVdQZ7yal9vjhIfuYypco2gVTy4OXvg6eAHFNZaOB/Ai4FqdRKvbgOqChHGiC32r5J55hmq6tDw==",
      "dev": true,
      "requires": {
        "debug": "^4.3.3",
        "jiti": "^1.12.9",
        "windicss": "^3.4.3"
      }
    },
    "@windicss/plugin-utils": {
      "version": "1.7.1",
      "resolved": "https://r.cnpmjs.org/@windicss/plugin-utils/-/plugin-utils-1.7.1.tgz",
      "integrity": "sha512-VMBLZ11s5kQt1RIIwfB45xFswb+SI1cvI5mK07dUSlfpomG1d1bqnB57bioo/jFNZh2Rl8wVnEvLTl7iZ4r09Q==",
      "dev": true,
      "requires": {
        "@antfu/utils": "^0.4.0",
        "@windicss/config": "1.7.1",
        "debug": "^4.3.3",
        "fast-glob": "^3.2.11",
        "magic-string": "^0.25.7",
        "micromatch": "^4.0.4",
        "windicss": "^3.4.3"
      }
    },
    "ace-builds": {
      "version": "1.4.14",
      "resolved": "https://r.cnpmjs.org/ace-builds/-/ace-builds-1.4.14.tgz",
      "integrity": "sha512-NBOQlm9+7RBqRqZwimpgquaLeTJFayqb9UEPtTkpC3TkkwDnlsT/TwsCC0svjt9kEZ6G9mH5AEOHSz6Q/HrzQQ=="
    },
    "ajv": {
      "version": "8.10.0",
      "resolved": "https://r.cnpmjs.org/ajv/-/ajv-8.10.0.tgz",
      "integrity": "sha512-bzqAEZOjkrUMl2afH8dknrq5KEk2SrwdBROR+vH1EKVQTqaUbJVPdc/gEdggTMM0Se+s+Ja4ju4TlNcStKl2Hw==",
      "requires": {
        "fast-deep-equal": "^3.1.1",
        "json-schema-traverse": "^1.0.0",
        "require-from-string": "^2.0.2",
        "uri-js": "^4.2.2"
      }
    },
    "anymatch": {
      "version": "3.1.2",
      "resolved": "https://r2.cnpmjs.org/anymatch/-/anymatch-3.1.2.tgz",
      "integrity": "sha512-P43ePfOAIupkguHUycrc4qJ9kz8ZiuOUijaETwX7THt0Y/GNK7v0aa8rY816xWjZ7rJdA5XdMcpVFTKMq+RvWg==",
      "requires": {
        "normalize-path": "^3.0.0",
        "picomatch": "^2.0.4"
      }
    },
    "attractions": {
      "version": "3.7.0",
      "resolved": "https://r.cnpmjs.org/attractions/-/attractions-3.7.0.tgz",
      "integrity": "sha512-Se8fyAr80gHJf0qClk2cK7hndjHPU0X6netBbau/g0rBPC+L6HxKAYVqwYfb5pTXxtFx6k63Uvj0LDL/6/P3rg==",
      "dev": true
    },
    "balanced-match": {
      "version": "1.0.2",
      "resolved": "https://r2.cnpmjs.org/balanced-match/-/balanced-match-1.0.2.tgz",
      "integrity": "sha512-3oSeUO0TMV67hN1AmbXsK4yaqU7tjiHlbxRDZOpH0KW9+CeX4bRAaX0Anxt0tx2MrpRpWwQaPwIlISEJhYU5Pw==",
      "dev": true
    },
    "binary-extensions": {
      "version": "2.2.0",
      "resolved": "https://r2.cnpmjs.org/binary-extensions/-/binary-extensions-2.2.0.tgz",
      "integrity": "sha512-jDctJ/IVQbZoJykoeHbhXpOlNBqGNcwXJKJog42E5HDPUwQTSdjCHdihjj0DlnheQ7blbT6dHOafNAiS8ooQKA=="
    },
    "brace-expansion": {
      "version": "1.1.11",
      "resolved": "https://r2.cnpmjs.org/brace-expansion/-/brace-expansion-1.1.11.tgz",
      "integrity": "sha512-iCuPHDFgrHX7H2vEI/5xpz07zSHB00TpugqhmYtVmMO6518mCuRMoOYFldEBl0g187ufozdaHgWKcYFb61qGiA==",
      "dev": true,
      "requires": {
        "balanced-match": "^1.0.0",
        "concat-map": "0.0.1"
      }
    },
    "braces": {
      "version": "3.0.2",
      "resolved": "https://r2.cnpmjs.org/braces/-/braces-3.0.2.tgz",
      "integrity": "sha512-b8um+L1RzM3WDSzvhm6gIz1yfTbBt6YTlcEKAvsmqCZZFw46z626lVj9j1yEPW33H5H+lBQpZMP1k8l+78Ha0A==",
      "requires": {
        "fill-range": "^7.0.1"
      }
    },
    "buffer-crc32": {
      "version": "0.2.13",
      "resolved": "https://r2.cnpmjs.org/buffer-crc32/-/buffer-crc32-0.2.13.tgz",
      "integrity": "sha512-VO9Ht/+p3SN7SKWqcrgEzjGbRSJYTx+Q1pTQC0wrWqHx0vpJraQ6GtHx8tvcg1rlK1byhU5gccxgOgj7B0TDkQ==",
      "dev": true
    },
    "callsites": {
      "version": "3.1.0",
      "resolved": "https://r2.cnpmjs.org/callsites/-/callsites-3.1.0.tgz",
      "integrity": "sha512-P8BjAsXvZS+VIDUI11hHCQEv74YT67YUi5JJFNWIqL235sBmjX4+qx9Muvls5ivyNENctx46xQLQ3aTuE7ssaQ==",
      "dev": true
    },
    "chokidar": {
      "version": "3.5.3",
      "resolved": "https://r.cnpmjs.org/chokidar/-/chokidar-3.5.3.tgz",
      "integrity": "sha512-Dr3sfKRP6oTcjf2JmUmFJfeVMvXBdegxB0iVQ5eb2V10uFJUCAS8OByZdVAyVb8xXNz3GjjTgj9kLWsZTqE6kw==",
      "requires": {
        "anymatch": "~3.1.2",
        "braces": "~3.0.2",
        "fsevents": "~2.3.2",
        "glob-parent": "~5.1.2",
        "is-binary-path": "~2.1.0",
        "is-glob": "~4.0.1",
        "normalize-path": "~3.0.0",
        "readdirp": "~3.6.0"
      }
    },
    "classnames": {
      "version": "2.3.1",
      "resolved": "https://r2.cnpmjs.org/classnames/-/classnames-2.3.1.tgz",
      "integrity": "sha512-OlQdbZ7gLfGarSqxesMesDa5uz7KFbID8Kpq/SxIoNGDqY8lSYs0D+hhtBXhcdB3rcbXArFr7vlHheLk1voeNA=="
    },
    "concat-map": {
      "version": "0.0.1",
      "resolved": "https://r2.cnpmjs.org/concat-map/-/concat-map-0.0.1.tgz",
      "integrity": "sha512-/Srv4dswyQNBfohGpz9o6Yb3Gz3SrUDqBH5rTuhGR7ahtlbYKnVxw2bCFMRljaA7EXHaXZ8wsHdodFvbkhKmqg==",
      "dev": true
    },
    "debug": {
      "version": "4.3.3",
      "resolved": "https://r2.cnpmjs.org/debug/-/debug-4.3.3.tgz",
      "integrity": "sha512-/zxw5+vh1Tfv+4Qn7a5nsbcJKPaSvCDhojn6FEl9vupwK2VCSDtEiEtqr8DFtzYFOdz63LBkxec7DYuc2jon6Q==",
      "dev": true,
      "requires": {
        "ms": "2.1.2"
      }
    },
    "detect-indent": {
      "version": "6.1.0",
      "resolved": "https://r2.cnpmjs.org/detect-indent/-/detect-indent-6.1.0.tgz",
      "integrity": "sha512-reYkTUJAZb9gUuZ2RvVCNhVHdg62RHnJ7WJl8ftMi4diZ6NWlciOzQN88pUhSELEwflJht4oQDv0F0BMlwaYtA==",
      "dev": true
    },
    "diff-sequences": {
      "version": "27.5.1",
      "resolved": "https://r.cnpmjs.org/diff-sequences/-/diff-sequences-27.5.1.tgz",
      "integrity": "sha512-k1gCAXAsNgLwEL+Y8Wvl+M6oEFj5bgazfZULpS5CneoPPXRaCCW7dm+q21Ky2VEE5X+VeRDBVg1Pcvvsr4TtNQ=="
    },
    "es6-promise": {
      "version": "3.3.1",
      "resolved": "https://r2.cnpmjs.org/es6-promise/-/es6-promise-3.3.1.tgz",
      "integrity": "sha512-SOp9Phqvqn7jtEUxPWdWfWoLmyt2VaJ6MpvP9Comy1MceMXqE6bxvaTu4iaxpYYPzhny28Lc+M87/c2cPK6lDg==",
      "dev": true
    },
    "esbuild": {
      "version": "0.14.23",
      "resolved": "https://r.cnpmjs.org/esbuild/-/esbuild-0.14.23.tgz",
      "integrity": "sha512-XjnIcZ9KB6lfonCa+jRguXyRYcldmkyZ99ieDksqW/C8bnyEX299yA4QH2XcgijCgaddEZePPTgvx/2imsq7Ig==",
      "dev": true,
      "requires": {
        "esbuild-android-arm64": "0.14.23",
        "esbuild-darwin-64": "0.14.23",
        "esbuild-darwin-arm64": "0.14.23",
        "esbuild-freebsd-64": "0.14.23",
        "esbuild-freebsd-arm64": "0.14.23",
        "esbuild-linux-32": "0.14.23",
        "esbuild-linux-64": "0.14.23",
        "esbuild-linux-arm": "0.14.23",
        "esbuild-linux-arm64": "0.14.23",
        "esbuild-linux-mips64le": "0.14.23",
        "esbuild-linux-ppc64le": "0.14.23",
        "esbuild-linux-riscv64": "0.14.23",
        "esbuild-linux-s390x": "0.14.23",
        "esbuild-netbsd-64": "0.14.23",
        "esbuild-openbsd-64": "0.14.23",
        "esbuild-sunos-64": "0.14.23",
        "esbuild-windows-32": "0.14.23",
        "esbuild-windows-64": "0.14.23",
        "esbuild-windows-arm64": "0.14.23"
      }
    },
    "esbuild-android-arm64": {
      "version": "0.14.23",
      "resolved": "https://r.cnpmjs.org/esbuild-android-arm64/-/esbuild-android-arm64-0.14.23.tgz",
      "integrity": "sha512-k9sXem++mINrZty1v4FVt6nC5BQCFG4K2geCIUUqHNlTdFnuvcqsY7prcKZLFhqVC1rbcJAr9VSUGFL/vD4vsw==",
      "dev": true,
      "optional": true
    },
    "esbuild-darwin-64": {
      "version": "0.14.23",
      "resolved": "https://r.cnpmjs.org/esbuild-darwin-64/-/esbuild-darwin-64-0.14.23.tgz",
      "integrity": "sha512-lB0XRbtOYYL1tLcYw8BoBaYsFYiR48RPrA0KfA/7RFTr4MV7Bwy/J4+7nLsVnv9FGuQummM3uJ93J3ptaTqFug==",
      "dev": true,
      "optional": true
    },
    "esbuild-darwin-arm64": {
      "version": "0.14.23",
      "resolved": "https://r.cnpmjs.org/esbuild-darwin-arm64/-/esbuild-darwin-arm64-0.14.23.tgz",
      "integrity": "sha512-yat73Z/uJ5tRcfRiI4CCTv0FSnwErm3BJQeZAh+1tIP0TUNh6o+mXg338Zl5EKChD+YGp6PN+Dbhs7qa34RxSw==",
      "dev": true,
      "optional": true
    },
    "esbuild-freebsd-64": {
      "version": "0.14.23",
      "resolved": "https://r.cnpmjs.org/esbuild-freebsd-64/-/esbuild-freebsd-64-0.14.23.tgz",
      "integrity": "sha512-/1xiTjoLuQ+LlbfjJdKkX45qK/M7ARrbLmyf7x3JhyQGMjcxRYVR6Dw81uH3qlMHwT4cfLW4aEVBhP1aNV7VsA==",
      "dev": true,
      "optional": true
    },
    "esbuild-freebsd-arm64": {
      "version": "0.14.23",
      "resolved": "https://r.cnpmjs.org/esbuild-freebsd-arm64/-/esbuild-freebsd-arm64-0.14.23.tgz",
      "integrity": "sha512-uyPqBU/Zcp6yEAZS4LKj5jEE0q2s4HmlMBIPzbW6cTunZ8cyvjG6YWpIZXb1KK3KTJDe62ltCrk3VzmWHp+iLg==",
      "dev": true,
      "optional": true
    },
    "esbuild-linux-32": {
      "version": "0.14.23",
      "resolved": "https://r.cnpmjs.org/esbuild-linux-32/-/esbuild-linux-32-0.14.23.tgz",
      "integrity": "sha512-37R/WMkQyUfNhbH7aJrr1uCjDVdnPeTHGeDhZPUNhfoHV0lQuZNCKuNnDvlH/u/nwIYZNdVvz1Igv5rY/zfrzQ==",
      "dev": true,
      "optional": true
    },
    "esbuild-linux-64": {
      "version": "0.14.23",
      "resolved": "https://r.cnpmjs.org/esbuild-linux-64/-/esbuild-linux-64-0.14.23.tgz",
      "integrity": "sha512-H0gztDP60qqr8zoFhAO64waoN5yBXkmYCElFklpd6LPoobtNGNnDe99xOQm28+fuD75YJ7GKHzp/MLCLhw2+vQ==",
      "dev": true,
      "optional": true
    },
    "esbuild-linux-arm": {
      "version": "0.14.23",
      "resolved": "https://r.cnpmjs.org/esbuild-linux-arm/-/esbuild-linux-arm-0.14.23.tgz",
      "integrity": "sha512-x64CEUxi8+EzOAIpCUeuni0bZfzPw/65r8tC5cy5zOq9dY7ysOi5EVQHnzaxS+1NmV+/RVRpmrzGw1QgY2Xpmw==",
      "dev": true,
      "optional": true
    },
    "esbuild-linux-arm64": {
      "version": "0.14.23",
      "resolved": "https://r.cnpmjs.org/esbuild-linux-arm64/-/esbuild-linux-arm64-0.14.23.tgz",
      "integrity": "sha512-c4MLOIByNHR55n3KoYf9hYDfBRghMjOiHLaoYLhkQkIabb452RWi+HsNgB41sUpSlOAqfpqKPFNg7VrxL3UX9g==",
      "dev": true,
      "optional": true
    },
    "esbuild-linux-mips64le": {
      "version": "0.14.23",
      "resolved": "https://r.cnpmjs.org/esbuild-linux-mips64le/-/esbuild-linux-mips64le-0.14.23.tgz",
      "integrity": "sha512-kHKyKRIAedYhKug2EJpyJxOUj3VYuamOVA1pY7EimoFPzaF3NeY7e4cFBAISC/Av0/tiV0xlFCt9q0HJ68IBIw==",
      "dev": true,
      "optional": true
    },
    "esbuild-linux-ppc64le": {
      "version": "0.14.23",
      "resolved": "https://r.cnpmjs.org/esbuild-linux-ppc64le/-/esbuild-linux-ppc64le-0.14.23.tgz",
      "integrity": "sha512-7ilAiJEPuJJnJp/LiDO0oJm5ygbBPzhchJJh9HsHZzeqO+3PUzItXi+8PuicY08r0AaaOe25LA7sGJ0MzbfBag==",
      "dev": true,
      "optional": true
    },
    "esbuild-linux-riscv64": {
      "version": "0.14.23",
      "resolved": "https://r.cnpmjs.org/esbuild-linux-riscv64/-/esbuild-linux-riscv64-0.14.23.tgz",
      "integrity": "sha512-fbL3ggK2wY0D8I5raPIMPhpCvODFE+Bhb5QGtNP3r5aUsRR6TQV+ZBXIaw84iyvKC8vlXiA4fWLGhghAd/h/Zg==",
      "dev": true,
      "optional": true
    },
    "esbuild-linux-s390x": {
      "version": "0.14.23",
      "resolved": "https://r.cnpmjs.org/esbuild-linux-s390x/-/esbuild-linux-s390x-0.14.23.tgz",
      "integrity": "sha512-GHMDCyfy7+FaNSO8RJ8KCFsnax8fLUsOrj9q5Gi2JmZMY0Zhp75keb5abTFCq2/Oy6KVcT0Dcbyo/bFb4rIFJA==",
      "dev": true,
      "optional": true
    },
    "esbuild-netbsd-64": {
      "version": "0.14.23",
      "resolved": "https://r.cnpmjs.org/esbuild-netbsd-64/-/esbuild-netbsd-64-0.14.23.tgz",
      "integrity": "sha512-ovk2EX+3rrO1M2lowJfgMb/JPN1VwVYrx0QPUyudxkxLYrWeBxDKQvc6ffO+kB4QlDyTfdtAURrVzu3JeNdA2g==",
      "dev": true,
      "optional": true
    },
    "esbuild-openbsd-64": {
      "version": "0.14.23",
      "resolved": "https://r.cnpmjs.org/esbuild-openbsd-64/-/esbuild-openbsd-64-0.14.23.tgz",
      "integrity": "sha512-uYYNqbVR+i7k8ojP/oIROAHO9lATLN7H2QeXKt2H310Fc8FJj4y3Wce6hx0VgnJ4k1JDrgbbiXM8rbEgQyg8KA==",
      "dev": true,
      "optional": true
    },
    "esbuild-sunos-64": {
      "version": "0.14.23",
      "resolved": "https://r.cnpmjs.org/esbuild-sunos-64/-/esbuild-sunos-64-0.14.23.tgz",
      "integrity": "sha512-hAzeBeET0+SbScknPzS2LBY6FVDpgE+CsHSpe6CEoR51PApdn2IB0SyJX7vGelXzlyrnorM4CAsRyb9Qev4h9g==",
      "dev": true,
      "optional": true
    },
    "esbuild-windows-32": {
      "version": "0.14.23",
      "resolved": "https://r.cnpmjs.org/esbuild-windows-32/-/esbuild-windows-32-0.14.23.tgz",
      "integrity": "sha512-Kttmi3JnohdaREbk6o9e25kieJR379TsEWF0l39PQVHXq3FR6sFKtVPgY8wk055o6IB+rllrzLnbqOw/UV60EA==",
      "dev": true,
      "optional": true
    },
    "esbuild-windows-64": {
      "version": "0.14.23",
      "resolved": "https://r.cnpmjs.org/esbuild-windows-64/-/esbuild-windows-64-0.14.23.tgz",
      "integrity": "sha512-JtIT0t8ymkpl6YlmOl6zoSWL5cnCgyLaBdf/SiU/Eg3C13r0NbHZWNT/RDEMKK91Y6t79kTs3vyRcNZbfu5a8g==",
      "dev": true,
      "optional": true
    },
    "esbuild-windows-arm64": {
      "version": "0.14.23",
      "resolved": "https://r.cnpmjs.org/esbuild-windows-arm64/-/esbuild-windows-arm64-0.14.23.tgz",
      "integrity": "sha512-cTFaQqT2+ik9e4hePvYtRZQ3pqOvKDVNarzql0VFIzhc0tru/ZgdLoXd6epLiKT+SzoSce6V9YJ+nn6RCn6SHw==",
      "dev": true,
      "optional": true
    },
    "estree-walker": {
      "version": "2.0.2",
      "resolved": "https://r2.cnpmjs.org/estree-walker/-/estree-walker-2.0.2.tgz",
      "integrity": "sha512-Rfkk/Mp/DL7JVje3u18FxFujQlTNR2q6QfMSMB7AvCBx91NGj/ba3kCfza0f6dVDbw7YlRf/nDrn7pQrCCyQ/w==",
      "dev": true
    },
    "fast-deep-equal": {
      "version": "3.1.3",
      "resolved": "https://r2.cnpmjs.org/fast-deep-equal/-/fast-deep-equal-3.1.3.tgz",
      "integrity": "sha512-f3qQ9oQy9j2AhBe/H9VC91wLmKBCCU/gDOnKNAYG5hswO7BLKj09Hc5HYNz9cGI++xlpDCIgDaitVs03ATR84Q=="
    },
    "fast-glob": {
      "version": "3.2.11",
      "resolved": "https://r.cnpmjs.org/fast-glob/-/fast-glob-3.2.11.tgz",
      "integrity": "sha512-xrO3+1bxSo3ZVHAnqzyuewYT6aMFHRAd4Kcs92MAonjwQZLsK9d0SF1IyQ3k5PoirxTW0Oe/RqFgMQ6TcNE5Ew==",
      "dev": true,
      "requires": {
        "@nodelib/fs.stat": "^2.0.2",
        "@nodelib/fs.walk": "^1.2.3",
        "glob-parent": "^5.1.2",
        "merge2": "^1.3.0",
        "micromatch": "^4.0.4"
      }
    },
    "fastq": {
      "version": "1.13.0",
      "resolved": "https://r2.cnpmjs.org/fastq/-/fastq-1.13.0.tgz",
      "integrity": "sha512-YpkpUnK8od0o1hmeSc7UUs/eB/vIPWJYjKck2QKIzAf71Vm1AAQ3EbuZB3g2JIy+pg+ERD0vqI79KyZiB2e2Nw==",
      "dev": true,
      "requires": {
        "reusify": "^1.0.4"
      }
    },
    "fill-range": {
      "version": "7.0.1",
      "resolved": "https://r2.cnpmjs.org/fill-range/-/fill-range-7.0.1.tgz",
      "integrity": "sha512-qOo9F+dMUmC2Lcb4BbVvnKJxTPjCm+RRpe4gDuGrzkL7mEVl/djYSu2OdQ2Pa302N4oqkSg9ir6jaLWJ2USVpQ==",
      "requires": {
        "to-regex-range": "^5.0.1"
      }
    },
    "fs.realpath": {
      "version": "1.0.0",
      "resolved": "https://r2.cnpmjs.org/fs.realpath/-/fs.realpath-1.0.0.tgz",
      "integrity": "sha512-OO0pH2lK6a0hZnAdau5ItzHPI6pUlvI7jMVnxUQRtw4owF2wk8lOSabtGDCTP4Ggrg2MbGnWO9X8K1t4+fGMDw==",
      "dev": true
    },
    "fsevents": {
      "version": "2.3.2",
      "resolved": "https://r2.cnpmjs.org/fsevents/-/fsevents-2.3.2.tgz",
      "integrity": "sha512-xiqMQR4xAeHTuB9uWm+fFRcIOgKBMiOBP+eXiyT7jsgVCq1bkVygt00oASowB7EdtpOHaaPgKt812P9ab+DDKA==",
      "optional": true
    },
    "function-bind": {
      "version": "1.1.1",
      "resolved": "https://r2.cnpmjs.org/function-bind/-/function-bind-1.1.1.tgz",
      "integrity": "sha512-yIovAzMX49sF8Yl58fSCWJ5svSLuaibPxXQJFLmBObTuCr0Mf1KiPopGM9NiFjiYBCbfaa2Fh6breQ6ANVTI0A==",
      "dev": true
    },
    "glob": {
      "version": "7.2.0",
      "resolved": "https://r2.cnpmjs.org/glob/-/glob-7.2.0.tgz",
      "integrity": "sha512-lmLf6gtyrPq8tTjSmrO94wBeQbFR3HbLHbuyD69wuyQkImp2hWqMGB47OX65FBkPffO641IP9jWa1z4ivqG26Q==",
      "dev": true,
      "requires": {
        "fs.realpath": "^1.0.0",
        "inflight": "^1.0.4",
        "inherits": "2",
        "minimatch": "^3.0.4",
        "once": "^1.3.0",
        "path-is-absolute": "^1.0.0"
      }
    },
    "glob-parent": {
      "version": "5.1.2",
      "resolved": "https://r2.cnpmjs.org/glob-parent/-/glob-parent-5.1.2.tgz",
      "integrity": "sha512-AOIgSQCepiJYwP3ARnGx+5VnTu2HBYdzbGP45eLw1vr3zB3vZLeyed1sC9hnbcOc9/SrMyM5RPQrkGz4aS9Zow==",
      "requires": {
        "is-glob": "^4.0.1"
      }
    },
    "graceful-fs": {
      "version": "4.2.9",
      "resolved": "https://r.cnpmjs.org/graceful-fs/-/graceful-fs-4.2.9.tgz",
      "integrity": "sha512-NtNxqUcXgpW2iMrfqSfR73Glt39K+BLwWsPs94yR63v45T0Wbej7eRmL5cWfwEgqXnmjQp3zaJTshdRW/qC2ZQ==",
      "dev": true
    },
    "has": {
      "version": "1.0.3",
      "resolved": "https://r2.cnpmjs.org/has/-/has-1.0.3.tgz",
      "integrity": "sha512-f2dvO0VU6Oej7RkWJGrehjbzMAjFp5/VKPp5tTpWIV4JHHZK1/BxbFRtf/siA2SWTe09caDmVtYYzWEIbBS4zw==",
      "dev": true,
      "requires": {
        "function-bind": "^1.1.1"
      }
    },
    "immutable": {
      "version": "4.0.0",
      "resolved": "https://r2.cnpmjs.org/immutable/-/immutable-4.0.0.tgz",
      "integrity": "sha512-zIE9hX70qew5qTUjSS7wi1iwj/l7+m54KWU247nhM3v806UdGj1yDndXj+IOYxxtW9zyLI+xqFNZjTuDaLUqFw=="
    },
    "immutable-json-patch": {
      "version": "1.1.2",
      "resolved": "https://r2.cnpmjs.org/immutable-json-patch/-/immutable-json-patch-1.1.2.tgz",
      "integrity": "sha512-Jy9TQ7iQtzTV7BYURuecEWuX/b8M3z0xDClmUe8O05vc2DSaXY3pR2CCC/wTXsRkQ7XMe5Yc8n2gYigiLU0+NA=="
    },
    "import-fresh": {
      "version": "3.3.0",
      "resolved": "https://r2.cnpmjs.org/import-fresh/-/import-fresh-3.3.0.tgz",
      "integrity": "sha512-veYYhQa+D1QBKznvhUHxb8faxlrwUnxseDAbAp457E0wLNio2bOSKnjYDhMj+YiAq61xrMGhQk9iXVk5FzgQMw==",
      "dev": true,
      "requires": {
        "parent-module": "^1.0.0",
        "resolve-from": "^4.0.0"
      }
    },
    "inflight": {
      "version": "1.0.6",
      "resolved": "https://r2.cnpmjs.org/inflight/-/inflight-1.0.6.tgz",
      "integrity": "sha512-k92I/b08q4wvFscXCLvqfsHCrjrF7yiXsQuIVvVE7N82W3+aqpzuUdBbfhWcy/FZR3/4IgflMgKLOsvPDrGCJA==",
      "dev": true,
      "requires": {
        "once": "^1.3.0",
        "wrappy": "1"
      }
    },
    "inherits": {
      "version": "2.0.4",
      "resolved": "https://r2.cnpmjs.org/inherits/-/inherits-2.0.4.tgz",
      "integrity": "sha512-k/vGaX4/Yla3WzyMCvTQOXYeIHvqOKtnqBduzTHpzpQZzAskKMhZ2K+EnBiSM9zGSoIFeMpXKxa4dYeZIQqewQ==",
      "dev": true
    },
    "is-binary-path": {
      "version": "2.1.0",
      "resolved": "https://r2.cnpmjs.org/is-binary-path/-/is-binary-path-2.1.0.tgz",
      "integrity": "sha512-ZMERYes6pDydyuGidse7OsHxtbI7WVeUEozgR/g7rd0xUimYNlvZRE/K2MgZTjWy725IfelLeVcEM97mmtRGXw==",
      "requires": {
        "binary-extensions": "^2.0.0"
      }
    },
    "is-core-module": {
      "version": "2.8.1",
      "resolved": "https://r.cnpmjs.org/is-core-module/-/is-core-module-2.8.1.tgz",
      "integrity": "sha512-SdNCUs284hr40hFTFP6l0IfZ/RSrMXF3qgoRHd3/79unUTvrFO/JoXwkGm+5J/Oe3E/b5GsnG330uUNgRpu1PA==",
      "dev": true,
      "requires": {
        "has": "^1.0.3"
      }
    },
    "is-extglob": {
      "version": "2.1.1",
      "resolved": "https://r2.cnpmjs.org/is-extglob/-/is-extglob-2.1.1.tgz",
      "integrity": "sha512-SbKbANkN603Vi4jEZv49LeVJMn4yGwsbzZworEoyEiutsN3nJYdbO36zfhGJ6QEDpOZIFkDtnq5JRxmvl3jsoQ=="
    },
    "is-glob": {
      "version": "4.0.3",
      "resolved": "https://r2.cnpmjs.org/is-glob/-/is-glob-4.0.3.tgz",
      "integrity": "sha512-xelSayHH36ZgE7ZWhli7pW34hNbNl8Ojv5KVmkJD4hBdD3th8Tfk9vYasLM+mXWOZhFkgZfxhLSnrwRr4elSSg==",
      "requires": {
        "is-extglob": "^2.1.1"
      }
    },
    "is-number": {
      "version": "7.0.0",
      "resolved": "https://r2.cnpmjs.org/is-number/-/is-number-7.0.0.tgz",
      "integrity": "sha512-41Cifkg6e8TylSpdtTpeLVMqvSBEVzTttHvERD741+pnZ8ANv0004MRL43QKPDlK9cGvNp6NZWZUBlbGXYxxng=="
    },
    "jiti": {
      "version": "1.13.0",
      "resolved": "https://r.cnpmjs.org/jiti/-/jiti-1.13.0.tgz",
      "integrity": "sha512-/n9mNxZj/HDSrincJ6RP+L+yXbpnB8FybySBa+IjIaoH9FIxBbrbRT5XUbe8R7zuVM2AQqNMNDDqz0bzx3znOQ==",
      "dev": true
    },
    "jmespath": {
      "version": "0.16.0",
      "resolved": "https://r.cnpmjs.org/jmespath/-/jmespath-0.16.0.tgz",
      "integrity": "sha512-9FzQjJ7MATs1tSpnco1K6ayiYE3figslrXA72G2HQ/n76RzvYlofyi5QM+iX4YRs/pu3yzxlVQSST23+dMDknw=="
    },
    "json-schema-traverse": {
      "version": "1.0.0",
      "resolved": "https://r2.cnpmjs.org/json-schema-traverse/-/json-schema-traverse-1.0.0.tgz",
      "integrity": "sha512-NM8/P9n3XjXhIZn1lLhkFaACTOURQXjWhV4BA/RnOv8xvgqtqpAX9IO4mRQxSx1Rlo4tqzeqb0sOlruaOy3dug=="
    },
    "json-source-map": {
      "version": "0.6.1",
      "resolved": "https://r2.cnpmjs.org/json-source-map/-/json-source-map-0.6.1.tgz",
      "integrity": "sha512-1QoztHPsMQqhDq0hlXY5ZqcEdUzxQEIxgFkKl4WUp2pgShObl+9ovi4kRh2TfvAfxAoHOJ9vIMEqk3k4iex7tg=="
    },
    "jsonrepair": {
      "version": "2.2.1",
      "resolved": "https://r2.cnpmjs.org/jsonrepair/-/jsonrepair-2.2.1.tgz",
      "integrity": "sha512-o9Je8TceILo872uQC9fIBJm957j1Io7z8Ca1iWIqY6S5S65HGE9XN7XEEw7+tUviB9Vq4sygV89MVTxl+rhZyg=="
    },
    "kleur": {
      "version": "4.1.4",
      "resolved": "https://r2.cnpmjs.org/kleur/-/kleur-4.1.4.tgz",
      "integrity": "sha512-8QADVssbrFjivHWQU7KkMgptGTl6WAcSdlbBPY4uNF+mWr6DGcKrvY2w4FQJoXch7+fKMjj0dRrL75vk3k23OA==",
      "dev": true
    },
    "kolorist": {
      "version": "1.5.1",
      "resolved": "https://r2.cnpmjs.org/kolorist/-/kolorist-1.5.1.tgz",
      "integrity": "sha512-lxpCM3HTvquGxKGzHeknB/sUjuVoUElLlfYnXZT73K8geR9jQbroGlSCFBax9/0mpGoD3kzcMLnOlGQPJJNyqQ==",
      "dev": true
    },
    "lodash-es": {
      "version": "4.17.21",
      "resolved": "https://r2.cnpmjs.org/lodash-es/-/lodash-es-4.17.21.tgz",
      "integrity": "sha512-mKnC+QJ9pWVzv+C4/U3rRsHapFfHvQFoFB92e52xeyGMcX6/OlIl78je1u8vePzYZSkkogMPJ2yjxxsb89cxyw=="
    },
    "magic-string": {
      "version": "0.25.7",
      "resolved": "https://r2.cnpmjs.org/magic-string/-/magic-string-0.25.7.tgz",
      "integrity": "sha512-4CrMT5DOHTDk4HYDlzmwu4FVCcIYI8gauveasrdCu2IKIFOJ3f0v/8MDGJCDL9oD2ppz/Av1b0Nj345H9M+XIA==",
      "dev": true,
      "requires": {
        "sourcemap-codec": "^1.4.4"
      }
    },
    "merge2": {
      "version": "1.4.1",
      "resolved": "https://r2.cnpmjs.org/merge2/-/merge2-1.4.1.tgz",
      "integrity": "sha512-8q7VEgMJW4J8tcfVPy8g09NcQwZdbwFEqhe/WZkoIzjn/3TGDwtOCYtXGxA3O8tPzpczCCDgv+P2P5y00ZJOOg==",
      "dev": true
    },
    "micromatch": {
      "version": "4.0.4",
      "resolved": "https://r2.cnpmjs.org/micromatch/-/micromatch-4.0.4.tgz",
      "integrity": "sha512-pRmzw/XUcwXGpD9aI9q/0XOwLNygjETJ8y0ao0wdqprrzDa4YnxLcz7fQRZr8voh8V10kGhABbNcHVk5wHgWwg==",
      "dev": true,
      "requires": {
        "braces": "^3.0.1",
        "picomatch": "^2.2.3"
      }
    },
    "min-indent": {
      "version": "1.0.1",
      "resolved": "https://r2.cnpmjs.org/min-indent/-/min-indent-1.0.1.tgz",
      "integrity": "sha512-I9jwMn07Sy/IwOj3zVkVik2JTvgpaykDZEigL6Rx6N9LbMywwUSMtxET+7lVoDLLd3O3IXwJwvuuns8UB/HeAg==",
      "dev": true
    },
    "minimatch": {
      "version": "3.1.2",
      "resolved": "https://r.cnpmjs.org/minimatch/-/minimatch-3.1.2.tgz",
      "integrity": "sha512-J7p63hRiAjw1NDEww1W7i37+ByIrOWO5XQQAzZ3VOcL0PNybwpfmV/N05zFAzwQ9USyEcX6t3UO+K5aqBQOIHw==",
      "dev": true,
      "requires": {
        "brace-expansion": "^1.1.7"
      }
    },
    "minimist": {
      "version": "1.2.5",
      "resolved": "https://r2.cnpmjs.org/minimist/-/minimist-1.2.5.tgz",
      "integrity": "sha512-FM9nNUYrRBAELZQT3xeZQ7fmMOBg6nWNmJKTcgsJeaLstP/UODVpGsr5OhXhhXg6f+qtJ8uiZ+PUxkDWcgIXLw==",
      "dev": true
    },
    "mkdirp": {
      "version": "0.5.5",
      "resolved": "https://r2.cnpmjs.org/mkdirp/-/mkdirp-0.5.5.tgz",
      "integrity": "sha512-NKmAlESf6jMGym1++R0Ra7wvhV+wFW63FaSOFPwRahvea0gMUcGUhVeAg/0BC0wiv9ih5NYPB1Wn1UEI1/L+xQ==",
      "dev": true,
      "requires": {
        "minimist": "^1.2.5"
      }
    },
    "mri": {
      "version": "1.2.0",
      "resolved": "https://r2.cnpmjs.org/mri/-/mri-1.2.0.tgz",
      "integrity": "sha512-tzzskb3bG8LvYGFF/mDTpq3jpI6Q9wc3LEmBaghu+DdCssd1FakN7Bc0hVNmEyGq1bq3RgfkCb3cmQLpNPOroA==",
      "dev": true
    },
    "ms": {
      "version": "2.1.2",
      "resolved": "https://r2.cnpmjs.org/ms/-/ms-2.1.2.tgz",
      "integrity": "sha512-sGkPx+VjMtmA6MX27oA4FBFELFCZZ4S4XqeGOXCv68tT+jb3vk/RyaKWP0PTKyWtmLSM0b+adUTEvbs1PEaH2w==",
      "dev": true
    },
    "nanoid": {
      "version": "3.3.1",
      "resolved": "https://r.cnpmjs.org/nanoid/-/nanoid-3.3.1.tgz",
      "integrity": "sha512-n6Vs/3KGyxPQd6uO0eH4Bv0ojGSUvuLlIHtC3Y0kEO23YRge8H9x1GCzLn28YX0H66pMkxuaeESFq4tKISKwdw==",
      "dev": true
    },
    "natural-compare-lite": {
      "version": "1.4.0",
      "resolved": "https://r2.cnpmjs.org/natural-compare-lite/-/natural-compare-lite-1.4.0.tgz",
      "integrity": "sha512-Tj+HTDSJJKaZnfiuw+iaF9skdPpTo2GtEly5JHnWV/hfv2Qj/9RKsGISQtLh2ox3l5EAGw487hnBee0sIJ6v2g=="
    },
    "normalize-path": {
      "version": "3.0.0",
      "resolved": "https://r2.cnpmjs.org/normalize-path/-/normalize-path-3.0.0.tgz",
      "integrity": "sha512-6eZs5Ls3WtCisHWp9S2GUy8dqkpGi4BVSz3GaqiE6ezub0512ESztXUwUB6C6IKbQkY2Pnb/mD4WYojCRwcwLA=="
    },
    "once": {
      "version": "1.4.0",
      "resolved": "https://r2.cnpmjs.org/once/-/once-1.4.0.tgz",
      "integrity": "sha512-lNaJgI+2Q5URQBkccEKHTQOPaXdUxnZZElQTZY0MFUAuaEqe1E+Nyvgdz/aIyNi6Z9MzO5dv1H8n58/GELp3+w==",
      "dev": true,
      "requires": {
        "wrappy": "1"
      }
    },
    "parent-module": {
      "version": "1.0.1",
      "resolved": "https://r2.cnpmjs.org/parent-module/-/parent-module-1.0.1.tgz",
      "integrity": "sha512-GQ2EWRpQV8/o+Aw8YqtfZZPfNRWZYkbidE9k5rpl/hC3vtHHBfGm2Ifi6qWV+coDGkrUKZAxE3Lot5kcsRlh+g==",
      "dev": true,
      "requires": {
        "callsites": "^3.0.0"
      }
    },
    "path-is-absolute": {
      "version": "1.0.1",
      "resolved": "https://r2.cnpmjs.org/path-is-absolute/-/path-is-absolute-1.0.1.tgz",
      "integrity": "sha512-AVbw3UJ2e9bq64vSaS9Am0fje1Pa8pbGqTTsmXfaIiMpnr5DlDhfJOuLj9Sf95ZPVDAUerDfEk88MPmPe7UCQg==",
      "dev": true
    },
    "path-parse": {
      "version": "1.0.7",
      "resolved": "https://r2.cnpmjs.org/path-parse/-/path-parse-1.0.7.tgz",
      "integrity": "sha512-LDJzPVEEEPR+y48z93A0Ed0yXb8pAByGWo/k5YYdYgpY2/2EsOsksJrq7lOHxryrVOn1ejG6oAp8ahvOIQD8sw==",
      "dev": true
    },
    "picocolors": {
      "version": "1.0.0",
      "resolved": "https://r2.cnpmjs.org/picocolors/-/picocolors-1.0.0.tgz",
      "integrity": "sha512-1fygroTLlHu66zi26VoTDv8yRgm0Fccecssto+MhsZ0D/DGW2sm8E8AjW7NU5VVTRt5GxbeZ5qBuJr+HyLYkjQ==",
      "dev": true
    },
    "picomatch": {
      "version": "2.3.1",
      "resolved": "https://r.cnpmjs.org/picomatch/-/picomatch-2.3.1.tgz",
      "integrity": "sha512-JU3teHTNjmE2VCGFzuY8EXzCDVwEqB2a8fsIvwaStHhAWJEeVd1o1QD80CU6+ZdEXXSLbSsuLwJjkCBWqRQUVA=="
    },
    "postcss": {
      "version": "8.4.6",
      "resolved": "https://r.cnpmjs.org/postcss/-/postcss-8.4.6.tgz",
      "integrity": "sha512-OovjwIzs9Te46vlEx7+uXB0PLijpwjXGKXjVGGPIGubGpq7uh5Xgf6D6FiJ/SzJMBosHDp6a2hiXOS97iBXcaA==",
      "dev": true,
      "requires": {
        "nanoid": "^3.2.0",
        "picocolors": "^1.0.0",
        "source-map-js": "^1.0.2"
      }
    },
    "punycode": {
      "version": "2.1.1",
      "resolved": "https://r2.cnpmjs.org/punycode/-/punycode-2.1.1.tgz",
      "integrity": "sha512-XRsRjdf+j5ml+y/6GKHPZbrF/8p2Yga0JPtdqTIY2Xe5ohJPD9saDJJLPvp9+NSBprVvevdXZybnj2cv8OEd0A=="
    },
    "queue-microtask": {
      "version": "1.2.3",
      "resolved": "https://r2.cnpmjs.org/queue-microtask/-/queue-microtask-1.2.3.tgz",
      "integrity": "sha512-NuaNSa6flKT5JaSYQzJok04JzTL1CA6aGhv5rfLW3PgqA+M2ChpZQnAC8h8i4ZFkBS8X5RqkDBHA7r4hej3K9A==",
      "dev": true
    },
    "readdirp": {
      "version": "3.6.0",
      "resolved": "https://r2.cnpmjs.org/readdirp/-/readdirp-3.6.0.tgz",
      "integrity": "sha512-hOS089on8RduqdbhvQ5Z37A0ESjsqz6qnRcffsMU3495FuTdqSm+7bhJ29JvIOsBDEEnan5DPu9t3To9VRlMzA==",
      "requires": {
        "picomatch": "^2.2.1"
      }
    },
    "require-from-string": {
      "version": "2.0.2",
      "resolved": "https://r2.cnpmjs.org/require-from-string/-/require-from-string-2.0.2.tgz",
      "integrity": "sha512-Xf0nWe6RseziFMu+Ap9biiUbmplq6S9/p+7w7YXP/JBHhrUDDUhwa+vANyubuqfZWTveU//DYVGsDG7RKL/vEw=="
    },
    "resolve": {
      "version": "1.22.0",
      "resolved": "https://r.cnpmjs.org/resolve/-/resolve-1.22.0.tgz",
      "integrity": "sha512-Hhtrw0nLeSrFQ7phPp4OOcVjLPIeMnRlr5mcnVuMe7M/7eBn98A3hmFRLoFo3DLZkivSYwhRUJTyPyWAk56WLw==",
      "dev": true,
      "requires": {
        "is-core-module": "^2.8.1",
        "path-parse": "^1.0.7",
        "supports-preserve-symlinks-flag": "^1.0.0"
      }
    },
    "resolve-from": {
      "version": "4.0.0",
      "resolved": "https://r2.cnpmjs.org/resolve-from/-/resolve-from-4.0.0.tgz",
      "integrity": "sha512-pb/MYmXstAkysRFx8piNI1tGFNQIFA3vkE3Gq4EuA1dF6gHp/+vgZqsCGJapvy8N3Q+4o7FwvquPJcnZ7RYy4g==",
      "dev": true
    },
    "reusify": {
      "version": "1.0.4",
      "resolved": "https://r2.cnpmjs.org/reusify/-/reusify-1.0.4.tgz",
      "integrity": "sha512-U9nH88a3fc/ekCF1l0/UP1IosiuIjyTh7hBvXVMHYgVcfGvt897Xguj2UOLDeI5BG2m7/uwyaLVT6fbtCwTyzw==",
      "dev": true
    },
    "rimraf": {
      "version": "2.7.1",
      "resolved": "https://r2.cnpmjs.org/rimraf/-/rimraf-2.7.1.tgz",
      "integrity": "sha512-uWjbaKIK3T1OSVptzX7Nl6PvQ3qAGtKEtVRjRuazjfL3Bx5eI409VZSqgND+4UNnmzLVdPj9FqFJNPqBZFve4w==",
      "dev": true,
      "requires": {
        "glob": "^7.1.3"
      }
    },
    "rollup": {
      "version": "2.67.3",
      "resolved": "https://r.cnpmjs.org/rollup/-/rollup-2.67.3.tgz",
      "integrity": "sha512-G/x1vUwbGtP6O5ZM8/sWr8+p7YfZhI18pPqMRtMYMWSbHjKZ/ajHGiM+GWNTlWyOR0EHIdT8LHU+Z4ciIZ1oBw==",
      "dev": true,
      "requires": {
        "fsevents": "~2.3.2"
      }
    },
    "run-parallel": {
      "version": "1.2.0",
      "resolved": "https://r2.cnpmjs.org/run-parallel/-/run-parallel-1.2.0.tgz",
      "integrity": "sha512-5l4VyZR86LZ/lDxZTR6jqL8AFE2S0IFLMP26AbjsLVADxHdhB/c0GUsH+y39UfCi3dzz8OlQuPmnaJOMoDHQBA==",
      "dev": true,
      "requires": {
        "queue-microtask": "^1.2.2"
      }
    },
    "sade": {
      "version": "1.8.1",
      "resolved": "https://r.cnpmjs.org/sade/-/sade-1.8.1.tgz",
      "integrity": "sha512-xal3CZX1Xlo/k4ApwCFrHVACi9fBqJ7V+mwhBsuf/1IOKbBy098Fex+Wa/5QMubw09pSZ/u8EY8PWgevJsXp1A==",
      "dev": true,
      "requires": {
        "mri": "^1.1.0"
      }
    },
    "sander": {
      "version": "0.5.1",
      "resolved": "https://r2.cnpmjs.org/sander/-/sander-0.5.1.tgz",
      "integrity": "sha512-3lVqBir7WuKDHGrKRDn/1Ye3kwpXaDOMsiRP1wd6wpZW56gJhsbp5RqQpA6JG/P+pkXizygnr1dKR8vzWaVsfA==",
      "dev": true,
      "requires": {
        "es6-promise": "^3.1.2",
        "graceful-fs": "^4.1.3",
        "mkdirp": "^0.5.1",
        "rimraf": "^2.5.2"
      }
    },
    "sass": {
      "version": "1.49.8",
      "resolved": "https://r.cnpmjs.org/sass/-/sass-1.49.8.tgz",
      "integrity": "sha512-NoGOjvDDOU9og9oAxhRnap71QaTjjlzrvLnKecUJ3GxhaQBrV6e7gPuSPF28u1OcVAArVojPAe4ZhOXwwC4tGw==",
      "requires": {
        "chokidar": ">=3.0.0 <4.0.0",
        "immutable": "^4.0.0",
        "source-map-js": ">=0.6.2 <2.0.0"
      }
    },
    "sorcery": {
      "version": "0.10.0",
      "resolved": "https://r2.cnpmjs.org/sorcery/-/sorcery-0.10.0.tgz",
      "integrity": "sha512-R5ocFmKZQFfSTstfOtHjJuAwbpGyf9qjQa1egyhvXSbM7emjrtLXtGdZsDJDABC85YBfVvrOiGWKSYXPKdvP1g==",
      "dev": true,
      "requires": {
        "buffer-crc32": "^0.2.5",
        "minimist": "^1.2.0",
        "sander": "^0.5.0",
        "sourcemap-codec": "^1.3.0"
      }
    },
    "source-map": {
      "version": "0.7.3",
      "resolved": "https://r2.cnpmjs.org/source-map/-/source-map-0.7.3.tgz",
      "integrity": "sha512-CkCj6giN3S+n9qrYiBTX5gystlENnRW5jZeNLHpe6aue+SrHcG5VYwujhW9s4dY31mEGsxBDrHR6oI69fTXsaQ==",
      "dev": true
    },
    "source-map-js": {
      "version": "1.0.2",
      "resolved": "https://r.cnpmjs.org/source-map-js/-/source-map-js-1.0.2.tgz",
      "integrity": "sha512-R0XvVJ9WusLiqTCEiGCmICCMplcCkIwwR11mOSD9CR5u+IXYdiseeEuXCVAjS54zqwkLcPNnmU4OeJ6tUrWhDw=="
    },
    "sourcemap-codec": {
      "version": "1.4.8",
      "resolved": "https://r2.cnpmjs.org/sourcemap-codec/-/sourcemap-codec-1.4.8.tgz",
      "integrity": "sha512-9NykojV5Uih4lgo5So5dtw+f0JgJX30KCNI8gwhz2J9A15wD0Ml6tjHKwf6fTSa6fAdVBdZeNOs9eJ71qCk8vA==",
      "dev": true
    },
    "strip-indent": {
      "version": "3.0.0",
      "resolved": "https://r2.cnpmjs.org/strip-indent/-/strip-indent-3.0.0.tgz",
      "integrity": "sha512-laJTa3Jb+VQpaC6DseHhF7dXVqHTfJPCRDaEbid/drOhgitgYku/letMUqOXFoWV0zIIUbjpdH2t+tYj4bQMRQ==",
      "dev": true,
      "requires": {
        "min-indent": "^1.0.0"
      }
    },
    "supports-preserve-symlinks-flag": {
      "version": "1.0.0",
      "resolved": "https://r.cnpmjs.org/supports-preserve-symlinks-flag/-/supports-preserve-symlinks-flag-1.0.0.tgz",
      "integrity": "sha512-ot0WnXS9fgdkgIcePe6RHNk1WA8+muPa6cSjeR3V8K27q9BB1rTE3R1p7Hv0z1ZyAc8s6Vvv8DIyWf681MAt0w==",
      "dev": true
    },
    "svelte": {
      "version": "3.46.4",
      "resolved": "https://r.cnpmjs.org/svelte/-/svelte-3.46.4.tgz",
      "integrity": "sha512-qKJzw6DpA33CIa+C/rGp4AUdSfii0DOTCzj/2YpSKKayw5WGSS624Et9L1nU1k2OVRS9vaENQXp2CVZNU+xvIg==",
      "dev": true
    },
    "svelte-awesome": {
      "version": "2.4.4",
      "resolved": "https://r.cnpmjs.org/svelte-awesome/-/svelte-awesome-2.4.4.tgz",
      "integrity": "sha512-z0OLl6WoTMkOdtjcFEmOGisLedbGioxA+mPXQFjcL6BhFsMte6dBUrQpibowz/eKkxRQLFp8eUl86G0SqE2Rkw=="
    },
    "svelte-check": {
      "version": "2.4.5",
      "resolved": "https://r.cnpmjs.org/svelte-check/-/svelte-check-2.4.5.tgz",
      "integrity": "sha512-nRft8BbG2wcxyCdHDZ7X43xLcvDzua3xLwq6wzHGcAF3ka3Jyhv2rvgq0+SF9NwHLMefp9C2XkM6etzsxK/cMQ==",
      "dev": true,
      "requires": {
        "chokidar": "^3.4.1",
        "fast-glob": "^3.2.7",
        "import-fresh": "^3.2.1",
        "minimist": "^1.2.5",
        "picocolors": "^1.0.0",
        "sade": "^1.7.4",
        "source-map": "^0.7.3",
        "svelte-preprocess": "^4.0.0",
        "typescript": "*"
      }
    },
    "svelte-hmr": {
      "version": "0.14.9",
      "resolved": "https://r2.cnpmjs.org/svelte-hmr/-/svelte-hmr-0.14.9.tgz",
      "integrity": "sha512-bKE9+4qb4sAnA+TKHiYurUl970rjA0XmlP9TEP7K/ncyWz3m81kA4HOgmlZK/7irGK7gzZlaPDI3cmf8fp/+tg==",
      "dev": true
    },
    "svelte-jsoneditor": {
      "version": "0.3.18",
      "resolved": "https://r.cnpmjs.org/svelte-jsoneditor/-/svelte-jsoneditor-0.3.18.tgz",
      "integrity": "sha512-v4+d3rrmZXtUVxszGCLnAG6AE32FD2QOlDf+FwSHpmfaXqGG7AmB9nzMV13f7yywB6T36BPny0NyEJca+3Zd3A==",
      "requires": {
        "@fortawesome/free-regular-svg-icons": "^6.0.0",
        "@fortawesome/free-solid-svg-icons": "^6.0.0",
        "ace-builds": "^1.4.14",
        "ajv": "^8.10.0",
        "classnames": "^2.3.1",
        "diff-sequences": "^27.5.1",
        "immutable-json-patch": "^1.1.2",
        "jmespath": "^0.16.0",
        "json-source-map": "^0.6.1",
        "jsonrepair": "^2.2.1",
        "lodash-es": "^4.17.21",
        "natural-compare-lite": "^1.4.0",
        "sass": "^1.49.7",
        "svelte-awesome": "^2.4.4",
        "svelte-select": "^4.4.7",
        "svelte-simple-modal": "^1.3.0",
        "vanilla-picker": "^2.12.1"
      }
    },
    "svelte-preprocess": {
      "version": "4.10.3",
      "resolved": "https://r.cnpmjs.org/svelte-preprocess/-/svelte-preprocess-4.10.3.tgz",
      "integrity": "sha512-ttw17lJfb/dx2ZJT9sesaXT5l7mPQ9Apx1H496Kli3Hkk7orIRGpOw6rCPkRNzr6ueVPqb4vzodS5x7sBFhKHw==",
      "dev": true,
      "requires": {
        "@types/pug": "^2.0.4",
        "@types/sass": "^1.16.0",
        "detect-indent": "^6.0.0",
        "magic-string": "^0.25.7",
        "sorcery": "^0.10.0",
        "strip-indent": "^3.0.0"
      }
    },
    "svelte-select": {
      "version": "4.4.7",
      "resolved": "https://r2.cnpmjs.org/svelte-select/-/svelte-select-4.4.7.tgz",
      "integrity": "sha512-fIf9Z8rPI6F8naHZ9wjXT0Pv5gLyhdHAFkHFJnCfVVfELE8e82uOoF0xEVQP6Kir+b4Q5yOvNAzZ61WbSU6A0A=="
    },
    "svelte-simple-modal": {
      "version": "1.3.1",
      "resolved": "https://r.cnpmjs.org/svelte-simple-modal/-/svelte-simple-modal-1.3.1.tgz",
      "integrity": "sha512-xBeK7VkGBuvqIm1J5eqnLqGIRKDtnsYzu8yVCLuO4rIuv4BMj4S6r0PGMgd4EFMgZwhmmqZPdrsPCDlDC6HUCw=="
    },
    "to-regex-range": {
      "version": "5.0.1",
      "resolved": "https://r2.cnpmjs.org/to-regex-range/-/to-regex-range-5.0.1.tgz",
      "integrity": "sha512-65P7iz6X5yEr1cwcgvQxbbIw7Uk3gOy5dIdtZ4rDveLqhrdJP+Li/Hx6tyK0NEb+2GCyneCMJiGqrADCSNk8sQ==",
      "requires": {
        "is-number": "^7.0.0"
      }
    },
    "tslib": {
      "version": "2.3.1",
      "resolved": "https://r2.cnpmjs.org/tslib/-/tslib-2.3.1.tgz",
      "integrity": "sha512-77EbyPPpMz+FRFRuAFlWMtmgUWGe9UOG2Z25NqCwiIjRhOf5iKGuzSe5P2w1laq+FkRy4p+PCuVkJSGkzTEKVw==",
      "dev": true
    },
    "typescript": {
      "version": "4.5.5",
      "resolved": "https://r.cnpmjs.org/typescript/-/typescript-4.5.5.tgz",
      "integrity": "sha512-TCTIul70LyWe6IJWT8QSYeA54WQe8EjQFU4wY52Fasj5UKx88LNYKCgBEHcOMOrFF1rKGbD8v/xcNWVUq9SymA==",
      "dev": true
    },
    "uri-js": {
      "version": "4.4.1",
      "resolved": "https://r2.cnpmjs.org/uri-js/-/uri-js-4.4.1.tgz",
      "integrity": "sha512-7rKUyy33Q1yc98pQ1DAmLtwX109F7TIfWlW1Ydo8Wl1ii1SeHieeh0HHfPeL2fMXK6z0s8ecKs9frCuLJvndBg==",
      "requires": {
        "punycode": "^2.1.0"
      }
    },
    "vanilla-picker": {
      "version": "2.12.1",
      "resolved": "https://r2.cnpmjs.org/vanilla-picker/-/vanilla-picker-2.12.1.tgz",
      "integrity": "sha512-2qrEP9VYylKXbyzXKsbu2dferBTvqnlsr29XjHwFE+/MEp0VNj6oEUESLDtKZ7DWzGdSv1x/+ujqFZF+KsO3cg==",
      "requires": {
        "@sphinxxxx/color-conversion": "^2.2.2"
      }
    },
    "vite": {
      "version": "2.8.4",
      "resolved": "https://r.cnpmjs.org/vite/-/vite-2.8.4.tgz",
      "integrity": "sha512-GwtOkkaT2LDI82uWZKcrpRQxP5tymLnC7hVHHqNkhFNknYr0hJUlDLfhVRgngJvAy3RwypkDCWtTKn1BjO96Dw==",
      "dev": true,
      "requires": {
        "esbuild": "^0.14.14",
        "fsevents": "~2.3.2",
        "postcss": "^8.4.6",
        "resolve": "^1.22.0",
        "rollup": "^2.59.0"
      }
    },
    "vite-plugin-windicss": {
      "version": "1.7.1",
      "resolved": "https://r.cnpmjs.org/vite-plugin-windicss/-/vite-plugin-windicss-1.7.1.tgz",
      "integrity": "sha512-eEDeTPaeQAfe0widkTkm9X51BVpOE/yDIuFbULIKjXI7CfY1yjsPcxA6E3aZbLBYQcUmfhVUTYVaH5iAE5L8Hg==",
      "dev": true,
      "requires": {
        "@windicss/plugin-utils": "1.7.1",
        "debug": "^4.3.3",
        "kolorist": "^1.5.1",
        "windicss": "^3.4.3"
      }
    },
    "windicss": {
      "version": "3.4.3",
      "resolved": "https://r.cnpmjs.org/windicss/-/windicss-3.4.3.tgz",
      "integrity": "sha512-UnugThsvEgy8RsPm4/B5DYMCAqvZzD6yWU7Anh+f07t5RSJ8zvmAylGLbXrHPJEmCKzo2Mf+fOUvISH7IJqM3A==",
      "dev": true
    },
    "wrappy": {
      "version": "1.0.2",
      "resolved": "https://r2.cnpmjs.org/wrappy/-/wrappy-1.0.2.tgz",
      "integrity": "sha512-l4Sp/DRseor9wL6EvV2+TuQn63dMkPjZ/sp9XkghTEbV9KlPS1xUsZ3u7/IQO4wxtcFB4bgpQPRcR3QCvezPcQ==",
      "dev": true
    }
  }
}
